{
  "nodes": {
    "amber": {
      "inputs": {
        "naersk": "naersk",
        "nixpkgs": "nixpkgs_2",
        "nixpkgs-mozilla": "nixpkgs-mozilla",
        "utils": "utils"
      },
      "locked": {
        "lastModified": 1721732774,
        "narHash": "sha256-OYGFW/BkWkjZpZC1u9HjYm5Ke2iQnr0gxF0JcPfPnzs=",
        "owner": "Ph0enixKM",
        "repo": "Amber",
        "rev": "03c6be24dd5369bfce600da79c4b68de890a8f61",
        "type": "github"
      },
      "original": {
        "owner": "Ph0enixKM",
        "repo": "Amber",
        "type": "github"
      }
    },
    "catppuccin": {
      "locked": {
        "lastModified": 1721784420,
        "narHash": "sha256-bgF6fN4Qgk7NErFKGuuqWXcLORsiykTYyqMUFRiAUBY=",
        "owner": "catppuccin",
        "repo": "nix",
        "rev": "8bdb55cc1c13f572b6e4307a3c0d64f1ae286a4f",
        "type": "github"
      },
      "original": {
        "owner": "catppuccin",
        "repo": "nix",
        "type": "github"
      }
    },
    "daeuniverse": {
      "inputs": {
        "devshell": "devshell",
        "flake-parts": "flake-parts",
        "nix-eval-jobs": "nix-eval-jobs",
        "nixpkgs": [
          "nixpkgs"
        ],
        "pre-commit-hooks": "pre-commit-hooks"
      },
      "locked": {
        "lastModified": 1721655093,
        "narHash": "sha256-IiUd700gUN8jxeD1xJv+s1v9vW/ILgw0/KfJLNFyutY=",
        "owner": "daeuniverse",
        "repo": "flake.nix",
        "rev": "140c54a145b5e88684e5e88e36230b6cdf6aff87",
        "type": "github"
      },
      "original": {
        "owner": "daeuniverse",
        "repo": "flake.nix",
        "type": "github"
      }
    },
    "devshell": {
      "inputs": {
        "flake-utils": "flake-utils",
        "nixpkgs": "nixpkgs_3"
      },
      "locked": {
        "lastModified": 1717408969,
        "narHash": "sha256-Q0OEFqe35fZbbRPPRdrjTUUChKVhhWXz3T9ZSKmaoVY=",
        "owner": "numtide",
        "repo": "devshell",
        "rev": "1ebbe68d57457c8cae98145410b164b5477761f4",
        "type": "github"
      },
      "original": {
        "owner": "numtide",
        "repo": "devshell",
        "type": "github"
      }
    },
    "flake-compat": {
      "flake": false,
      "locked": {
        "lastModified": 1696426674,
        "narHash": "sha256-kvjfFW7WAETZlt09AgDn1MrtKzP7t90Vf7vypd3OL1U=",
        "owner": "edolstra",
        "repo": "flake-compat",
        "rev": "0f9255e01c2351cc7d116c072cb317785dd33b33",
        "type": "github"
      },
      "original": {
        "owner": "edolstra",
        "repo": "flake-compat",
        "type": "github"
      }
    },
    "flake-parts": {
      "inputs": {
        "nixpkgs-lib": "nixpkgs-lib"
      },
      "locked": {
        "lastModified": 1719994518,
        "narHash": "sha256-pQMhCCHyQGRzdfAkdJ4cIWiw+JNuWsTX7f0ZYSyz0VY=",
        "owner": "hercules-ci",
        "repo": "flake-parts",
        "rev": "9227223f6d922fee3c7b190b2cc238a99527bbb7",
        "type": "github"
      },
      "original": {
        "id": "flake-parts",
        "type": "indirect"
      }
    },
    "flake-parts_2": {
      "inputs": {
        "nixpkgs-lib": [
          "daeuniverse",
          "nix-eval-jobs",
          "nixpkgs"
        ]
      },
      "locked": {
        "lastModified": 1719994518,
        "narHash": "sha256-pQMhCCHyQGRzdfAkdJ4cIWiw+JNuWsTX7f0ZYSyz0VY=",
        "owner": "hercules-ci",
        "repo": "flake-parts",
        "rev": "9227223f6d922fee3c7b190b2cc238a99527bbb7",
        "type": "github"
      },
      "original": {
        "owner": "hercules-ci",
        "repo": "flake-parts",
        "type": "github"
      }
    },
    "flake-parts_3": {
      "inputs": {
        "nixpkgs-lib": "nixpkgs-lib_2"
      },
      "locked": {
        "lastModified": 1719994518,
        "narHash": "sha256-pQMhCCHyQGRzdfAkdJ4cIWiw+JNuWsTX7f0ZYSyz0VY=",
        "owner": "hercules-ci",
        "repo": "flake-parts",
        "rev": "9227223f6d922fee3c7b190b2cc238a99527bbb7",
        "type": "github"
      },
      "original": {
        "owner": "hercules-ci",
        "repo": "flake-parts",
        "type": "github"
      }
    },
    "flake-utils": {
      "inputs": {
        "systems": "systems_2"
      },
      "locked": {
        "lastModified": 1701680307,
        "narHash": "sha256-kAuep2h5ajznlPMD9rnQyffWG8EM/C73lejGofXvdM8=",
        "owner": "numtide",
        "repo": "flake-utils",
        "rev": "4022d587cbbfd70fe950c1e2083a02621806a725",
        "type": "github"
      },
      "original": {
        "owner": "numtide",
        "repo": "flake-utils",
        "type": "github"
      }
    },
    "gitignore": {
      "inputs": {
        "nixpkgs": [
          "daeuniverse",
          "pre-commit-hooks",
          "nixpkgs"
        ]
      },
      "locked": {
        "lastModified": 1709087332,
        "narHash": "sha256-HG2cCnktfHsKV0s4XW83gU3F57gaTljL9KNSuG6bnQs=",
        "owner": "hercules-ci",
        "repo": "gitignore.nix",
        "rev": "637db329424fd7e46cf4185293b9cc8c88c95394",
        "type": "github"
      },
      "original": {
        "owner": "hercules-ci",
        "repo": "gitignore.nix",
        "type": "github"
      }
    },
    "home-manager": {
      "inputs": {
        "nixpkgs": [
          "nixpkgs"
        ]
      },
      "locked": {
        "lastModified": 1720042825,
        "narHash": "sha256-A0vrUB6x82/jvf17qPCpxaM+ulJnD8YZwH9Ci0BsAzE=",
        "owner": "nix-community",
        "repo": "home-manager",
        "rev": "e1391fb22e18a36f57e6999c7a9f966dc80ac073",
        "type": "github"
      },
      "original": {
        "owner": "nix-community",
        "ref": "release-24.05",
        "repo": "home-manager",
        "type": "github"
      }
    },
    "impermanence": {
      "locked": {
        "lastModified": 1719091691,
        "narHash": "sha256-AxaLX5cBEcGtE02PeGsfscSb/fWMnyS7zMWBXQWDKbE=",
        "owner": "nix-community",
        "repo": "impermanence",
        "rev": "23c1f06316b67cb5dabdfe2973da3785cfe9c34a",
        "type": "github"
      },
      "original": {
        "owner": "nix-community",
        "repo": "impermanence",
        "type": "github"
      }
    },
    "naersk": {
      "inputs": {
        "nixpkgs": "nixpkgs"
      },
      "locked": {
        "lastModified": 1718727675,
        "narHash": "sha256-uFsCwWYI2pUpt0awahSBorDUrUfBhaAiyz+BPTS2MHk=",
        "owner": "nix-community",
        "repo": "naersk",
        "rev": "941ce6dc38762a7cfb90b5add223d584feed299b",
        "type": "github"
      },
      "original": {
        "owner": "nix-community",
        "ref": "master",
        "repo": "naersk",
        "type": "github"
      }
    },
    "nix-eval-jobs": {
      "inputs": {
        "flake-parts": "flake-parts_2",
        "nix-github-actions": "nix-github-actions",
        "nixpkgs": "nixpkgs_4",
        "treefmt-nix": "treefmt-nix"
      },
      "locked": {
        "lastModified": 1721505437,
        "narHash": "sha256-sZpyyf9EiRVyEA9vUVWNxu8yI9MU0nhlEuPBL3hvC60=",
        "owner": "nix-community",
        "repo": "nix-eval-jobs",
        "rev": "2e522fb78d7613cecaf683875ab27b6c90e8a84f",
        "type": "github"
      },
      "original": {
        "owner": "nix-community",
        "repo": "nix-eval-jobs",
        "type": "github"
      }
    },
    "nix-gaming": {
      "inputs": {
        "flake-parts": "flake-parts_3",
        "nixpkgs": [
          "nixpkgs"
        ],
        "umu": "umu"
      },
      "locked": {
        "lastModified": 1721525243,
        "narHash": "sha256-dZstEOV8W/Iya1RkWTJJC4X3Q8+Ros6qm5KumG65KuI=",
        "owner": "fufexan",
        "repo": "nix-gaming",
        "rev": "62dbe58039e6950529a30de943ed463a8e192a7e",
        "type": "github"
      },
      "original": {
        "owner": "fufexan",
        "repo": "nix-gaming",
        "type": "github"
      }
    },
    "nix-github-actions": {
      "inputs": {
        "nixpkgs": [
          "daeuniverse",
          "nix-eval-jobs",
          "nixpkgs"
        ]
      },
      "locked": {
        "lastModified": 1720066371,
        "narHash": "sha256-uPlLYH2S0ACj0IcgaK9Lsf4spmJoGejR9DotXiXSBZQ=",
        "owner": "nix-community",
        "repo": "nix-github-actions",
        "rev": "622f829f5fe69310a866c8a6cd07e747c44ef820",
        "type": "github"
      },
      "original": {
        "owner": "nix-community",
        "repo": "nix-github-actions",
        "type": "github"
      }
    },
    "nixpkgs": {
      "locked": {
        "lastModified": 0,
        "narHash": "sha256-EYekUHJE2gxeo2pM/zM9Wlqw1Uw2XTJXOSAO79ksc4Y=",
        "path": "/nix/store/qmh8bas1qni03drm0lnjas2azh7h87cn-source",
        "type": "path"
      },
      "original": {
        "id": "nixpkgs",
        "type": "indirect"
      }
    },
    "nixpkgs-lib": {
      "locked": {
        "lastModified": 1719876945,
        "narHash": "sha256-Fm2rDDs86sHy0/1jxTOKB1118Q0O3Uc7EC0iXvXKpbI=",
        "type": "tarball",
        "url": "https://github.com/NixOS/nixpkgs/archive/5daf0514482af3f97abaefc78a6606365c9108e2.tar.gz"
      },
      "original": {
        "type": "tarball",
        "url": "https://github.com/NixOS/nixpkgs/archive/5daf0514482af3f97abaefc78a6606365c9108e2.tar.gz"
      }
    },
    "nixpkgs-lib_2": {
      "locked": {
        "lastModified": 1719876945,
        "narHash": "sha256-Fm2rDDs86sHy0/1jxTOKB1118Q0O3Uc7EC0iXvXKpbI=",
        "type": "tarball",
        "url": "https://github.com/NixOS/nixpkgs/archive/5daf0514482af3f97abaefc78a6606365c9108e2.tar.gz"
      },
      "original": {
        "type": "tarball",
        "url": "https://github.com/NixOS/nixpkgs/archive/5daf0514482af3f97abaefc78a6606365c9108e2.tar.gz"
      }
    },
    "nixpkgs-mozilla": {
      "flake": false,
      "locked": {
        "lastModified": 1704373101,
        "narHash": "sha256-+gi59LRWRQmwROrmE1E2b3mtocwueCQqZ60CwLG+gbg=",
        "owner": "mozilla",
        "repo": "nixpkgs-mozilla",
        "rev": "9b11a87c0cc54e308fa83aac5b4ee1816d5418a2",
        "type": "github"
      },
      "original": {
        "owner": "mozilla",
        "repo": "nixpkgs-mozilla",
        "type": "github"
      }
    },
    "nixpkgs-stable": {
      "locked": {
        "lastModified": 1720386169,
        "narHash": "sha256-NGKVY4PjzwAa4upkGtAMz1npHGoRzWotlSnVlqI40mo=",
        "owner": "NixOS",
        "repo": "nixpkgs",
        "rev": "194846768975b7ad2c4988bdb82572c00222c0d7",
        "type": "github"
      },
      "original": {
        "owner": "NixOS",
        "ref": "nixos-24.05",
        "repo": "nixpkgs",
        "type": "github"
      }
    },
    "nixpkgs_2": {
      "locked": {
        "lastModified": 1720955038,
        "narHash": "sha256-GaliJqfFwyYxReFywxAa8orCO+EnDq2NK2F+5aSc8vo=",
        "owner": "NixOS",
        "repo": "nixpkgs",
        "rev": "aa247c0c90ecf4ae7a032c54fdc21b91ca274062",
        "type": "github"
      },
      "original": {
        "owner": "NixOS",
        "ref": "nixpkgs-unstable",
        "repo": "nixpkgs",
        "type": "github"
      }
    },
    "nixpkgs_3": {
      "locked": {
        "lastModified": 1704161960,
        "narHash": "sha256-QGua89Pmq+FBAro8NriTuoO/wNaUtugt29/qqA8zeeM=",
        "owner": "NixOS",
        "repo": "nixpkgs",
        "rev": "63143ac2c9186be6d9da6035fa22620018c85932",
        "type": "github"
      },
      "original": {
        "owner": "NixOS",
        "ref": "nixpkgs-unstable",
        "repo": "nixpkgs",
        "type": "github"
      }
    },
    "nixpkgs_4": {
      "locked": {
        "lastModified": 1720781449,
        "narHash": "sha256-po3TZO9kcZwzvkyMJKb0WCzzDtiHWD34XeRaX1lWXp0=",
        "owner": "NixOS",
        "repo": "nixpkgs",
        "rev": "8b5a3d5a1d951344d683b442c0739010b80039db",
        "type": "github"
      },
      "original": {
        "owner": "NixOS",
        "ref": "nixpkgs-unstable",
        "repo": "nixpkgs",
        "type": "github"
      }
    },
    "nixpkgs_5": {
      "locked": {
        "lastModified": 1721562059,
        "narHash": "sha256-Tybxt65eyOARf285hMHIJ2uul8SULjFZbT9ZaEeUnP8=",
        "owner": "nixos",
        "repo": "nixpkgs",
        "rev": "68c9ed8bbed9dfce253cc91560bf9043297ef2fe",
        "type": "github"
      },
      "original": {
        "owner": "nixos",
        "ref": "nixos-unstable",
        "repo": "nixpkgs",
        "type": "github"
      }
    },
    "plasma-manager": {
      "inputs": {
        "home-manager": [
          "home-manager"
        ],
        "nixpkgs": [
          "nixpkgs"
        ]
      },
      "locked": {
        "lastModified": 1721724566,
        "narHash": "sha256-6H+OTxXkOrh3P+15bhkQJY7OaBrQVzx4Pz+pCn6rtIg=",
        "owner": "nix-community",
        "repo": "plasma-manager",
        "rev": "b967e042896de0f64513d4596e3d1f3eae445d1c",
        "type": "github"
      },
      "original": {
        "owner": "nix-community",
        "repo": "plasma-manager",
        "type": "github"
      }
    },
    "pre-commit-hooks": {
      "inputs": {
        "flake-compat": "flake-compat",
        "gitignore": "gitignore",
        "nixpkgs": [
          "daeuniverse",
          "nixpkgs"
        ],
        "nixpkgs-stable": "nixpkgs-stable"
      },
      "locked": {
        "lastModified": 1721042469,
        "narHash": "sha256-6FPUl7HVtvRHCCBQne7Ylp4p+dpP3P/OYuzjztZ4s70=",
        "owner": "cachix",
        "repo": "pre-commit-hooks.nix",
        "rev": "f451c19376071a90d8c58ab1a953c6e9840527fd",
        "type": "github"
      },
      "original": {
        "owner": "cachix",
        "repo": "pre-commit-hooks.nix",
        "type": "github"
      }
    },
    "root": {
      "inputs": {
        "amber": "amber",
        "catppuccin": "catppuccin",
        "daeuniverse": "daeuniverse",
        "home-manager": "home-manager",
        "impermanence": "impermanence",
        "nix-gaming": "nix-gaming",
        "nixpkgs": "nixpkgs_5",
        "plasma-manager": "plasma-manager"
      }
    },
    "systems": {
      "locked": {
        "lastModified": 1681028828,
        "narHash": "sha256-Vy1rq5AaRuLzOxct8nz4T6wlgyUR7zLU309k9mBC768=",
        "owner": "nix-systems",
        "repo": "default",
        "rev": "da67096a3b9bf56a91d16901293e51ba5b49a27e",
        "type": "github"
      },
      "original": {
        "owner": "nix-systems",
        "repo": "default",
        "type": "github"
      }
    },
    "systems_2": {
      "locked": {
        "lastModified": 1681028828,
        "narHash": "sha256-Vy1rq5AaRuLzOxct8nz4T6wlgyUR7zLU309k9mBC768=",
        "owner": "nix-systems",
        "repo": "default",
        "rev": "da67096a3b9bf56a91d16901293e51ba5b49a27e",
        "type": "github"
      },
      "original": {
        "owner": "nix-systems",
        "repo": "default",
        "type": "github"
      }
    },
    "treefmt-nix": {
      "inputs": {
        "nixpkgs": [
          "daeuniverse",
          "nix-eval-jobs",
          "nixpkgs"
        ]
      },
      "locked": {
        "lastModified": 1720930114,
        "narHash": "sha256-VZK73b5hG5bSeAn97TTcnPjXUXtV7j/AtS4KN8ggCS0=",
        "owner": "numtide",
        "repo": "treefmt-nix",
        "rev": "b92afa1501ac73f1d745526adc4f89b527595f14",
        "type": "github"
      },
      "original": {
        "owner": "numtide",
        "repo": "treefmt-nix",
        "type": "github"
      }
    },
    "umu": {
      "inputs": {
        "nixpkgs": [
          "nix-gaming",
          "nixpkgs"
        ]
      },
      "locked": {
        "dir": "packaging/nix",
        "lastModified": 1721455769,
        "narHash": "sha256-u95jjeLWk1S65fxIP+Y0iFR0WYVYwfg+PZNr6ZECiS8=",
        "ref": "refs/heads/main",
        "rev": "abbdeed18f1dc6b51a636e544e697a88d21a0ad5",
        "revCount": 678,
        "submodules": true,
        "type": "git",
        "url": "https://github.com/Open-Wine-Components/umu-launcher/?dir=packaging/nix"
      },
      "original": {
        "dir": "packaging/nix",
        "submodules": true,
        "type": "git",
        "url": "https://github.com/Open-Wine-Components/umu-launcher/?dir=packaging/nix"
      }
    },
    "utils": {
      "inputs": {
        "systems": "systems"
      },
      "locked": {
        "lastModified": 1710146030,
        "narHash": "sha256-SZ5L6eA7HJ/nmkzGG7/ISclqe6oZdOZTNoesiInkXPQ=",
        "owner": "numtide",
        "repo": "flake-utils",
        "rev": "b1d9ab70662946ef0850d488da1c9019f3a9752a",
        "type": "github"
      },
      "original": {
        "owner": "numtide",
        "repo": "flake-utils",
        "type": "github"
      }
    }
  },
  "root": "root",
  "version": 7
}
