{
  "nodes": {
    "disko": {
      "inputs": {
        "nixpkgs": [
          "nixpkgs"
        ]
      },
      "locked": {
        "lastModified": 1753140376,
        "narHash": "sha256-7lrVrE0jSvZHrxEzvnfHFE/Wkk9DDqb+mYCodI5uuB8=",
        "owner": "nix-community",
        "repo": "disko",
        "rev": "545aba02960caa78a31bd9a8709a0ad4b6320a5c",
        "type": "github"
      },
      "original": {
        "owner": "nix-community",
        "repo": "disko",
        "type": "github"
      }
    },
    "flake-parts": {
      "inputs": {
        "nixpkgs-lib": "nixpkgs-lib"
      },
      "locked": {
        "lastModified": 1754091436,
        "narHash": "sha256-XKqDMN1/Qj1DKivQvscI4vmHfDfvYR2pfuFOJiCeewM=",
        "owner": "hercules-ci",
        "repo": "flake-parts",
        "rev": "67df8c627c2c39c41dbec76a1f201929929ab0bd",
        "type": "github"
      },
      "original": {
        "owner": "hercules-ci",
        "repo": "flake-parts",
        "type": "github"
      }
    },
    "flake-parts_2": {
      "inputs": {
        "nixpkgs-lib": [
          "nur",
          "nixpkgs"
        ]
      },
      "locked": {
        "lastModified": 1733312601,
        "narHash": "sha256-4pDvzqnegAfRkPwO3wmwBhVi/Sye1mzps0zHWYnP88c=",
        "owner": "hercules-ci",
        "repo": "flake-parts",
        "rev": "205b12d8b7cd4802fbcb8e8ef6a0f1408781a4f9",
        "type": "github"
      },
      "original": {
        "owner": "hercules-ci",
        "repo": "flake-parts",
        "type": "github"
      }
    },
    "home-manager": {
      "inputs": {
        "nixpkgs": [
          "nixpkgs"
        ]
      },
      "locked": {
        "lastModified": 1753592768,
        "narHash": "sha256-oV695RvbAE4+R9pcsT9shmp6zE/+IZe6evHWX63f2Qg=",
        "owner": "nix-community",
        "repo": "home-manager",
        "rev": "fc3add429f21450359369af74c2375cb34a2d204",
        "type": "github"
      },
      "original": {
        "owner": "nix-community",
        "ref": "release-25.05",
        "repo": "home-manager",
        "type": "github"
      }
    },
    "impermanence": {
      "locked": {
        "lastModified": 1737831083,
        "narHash": "sha256-LJggUHbpyeDvNagTUrdhe/pRVp4pnS6wVKALS782gRI=",
        "owner": "nix-community",
        "repo": "impermanence",
        "rev": "4b3e914cdf97a5b536a889e939fb2fd2b043a170",
        "type": "github"
      },
      "original": {
        "owner": "nix-community",
        "repo": "impermanence",
        "type": "github"
      }
    },
    "nix-gaming": {
      "inputs": {
        "flake-parts": "flake-parts",
        "nixpkgs": [
          "nixpkgs"
        ]
      },
      "locked": {
        "lastModified": 1754619139,
        "narHash": "sha256-NHLKP08ErgbyxKSmmZUC1WxbrH54pA65yxcif8FhRxY=",
        "owner": "fufexan",
        "repo": "nix-gaming",
        "rev": "b965a1aea2e22812a012f1a0fe7308912c6fcde0",
        "type": "github"
      },
      "original": {
        "owner": "fufexan",
        "repo": "nix-gaming",
        "type": "github"
      }
    },
    "nixpkgs": {
      "locked": {
        "lastModified": 1754498491,
        "narHash": "sha256-erbiH2agUTD0Z30xcVSFcDHzkRvkRXOQ3lb887bcVrs=",
        "owner": "nixos",
        "repo": "nixpkgs",
        "rev": "c2ae88e026f9525daf89587f3cbee584b92b6134",
        "type": "github"
      },
      "original": {
        "owner": "nixos",
        "ref": "nixos-unstable",
        "repo": "nixpkgs",
        "type": "github"
      }
    },
    "nixpkgs-lib": {
      "locked": {
        "lastModified": 1753579242,
        "narHash": "sha256-zvaMGVn14/Zz8hnp4VWT9xVnhc8vuL3TStRqwk22biA=",
        "owner": "nix-community",
        "repo": "nixpkgs.lib",
        "rev": "0f36c44e01a6129be94e3ade315a5883f0228a6e",
        "type": "github"
      },
      "original": {
        "owner": "nix-community",
        "repo": "nixpkgs.lib",
        "type": "github"
      }
    },
    "nur": {
      "inputs": {
        "flake-parts": "flake-parts_2",
        "nixpkgs": [
          "nixpkgs"
        ]
      },
      "locked": {
        "lastModified": 1754678477,
        "narHash": "sha256-gspcCDgxZE84QR6XQBf4oiX/OM2qU4xpwhKDbDcxL30=",
        "owner": "nix-community",
        "repo": "NUR",
        "rev": "7e8db4e3c3e10259b6ebe54247566ab2336a8429",
        "type": "github"
      },
      "original": {
        "owner": "nix-community",
        "repo": "NUR",
        "type": "github"
      }
    },
    "plasma-manager": {
      "inputs": {
        "home-manager": [
          "home-manager"
        ],
        "nixpkgs": [
          "nixpkgs"
        ]
      },
      "locked": {
        "lastModified": 1754501628,
        "narHash": "sha256-FExJ54tVB5iu7Dh2tLcyCSWpaV+lmUzzWKZUkemwXvo=",
        "owner": "nix-community",
        "repo": "plasma-manager",
        "rev": "cca090f8115c4172b9aef6c5299ae784bdd5e133",
        "type": "github"
      },
      "original": {
        "owner": "nix-community",
        "repo": "plasma-manager",
        "type": "github"
      }
    },
    "root": {
      "inputs": {
        "disko": "disko",
        "home-manager": "home-manager",
        "impermanence": "impermanence",
        "nix-gaming": "nix-gaming",
        "nixpkgs": "nixpkgs",
        "nur": "nur",
        "plasma-manager": "plasma-manager"
      }
    }
  },
  "root": "root",
  "version": 7
}
